<?xml version="1.0" encoding="utf-8"?>
<Project ToolsVersion="4.0" xmlns="http://schemas.microsoft.com/developer/msbuild/2003">
  <ItemGroup>
    <ClCompile Include="..\src\system\keyboard.cpp">
      <Filter>system</Filter>
    </ClCompile>
    <ClCompile Include="..\src\system\main.cpp">
      <Filter>system</Filter>
    </ClCompile>
    <ClCompile Include="..\src\system\mouse.cpp">
      <Filter>system</Filter>
    </ClCompile>
    <ClCompile Include="..\src\system\profiler.cpp">
      <Filter>system</Filter>
    </ClCompile>
    <ClCompile Include="..\src\system\system.cpp">
      <Filter>system</Filter>
    </ClCompile>
    <ClCompile Include="..\src\system\utils.cpp">
      <Filter>system</Filter>
    </ClCompile>
    <ClCompile Include="..\extern\imgui\imgui.cpp">
      <Filter>extern\imgui</Filter>
    </ClCompile>
    <ClCompile Include="..\extern\imgui\imgui_draw.cpp">
      <Filter>extern\imgui</Filter>
    </ClCompile>
    <ClCompile Include="..\extern\imgui\imgui_widgets.cpp">
      <Filter>extern\imgui</Filter>
    </ClCompile>
    <ClCompile Include="..\src\graphic\renderpasses\gfxtestrenderpass.cpp">
      <Filter>graphic\renderpasses</Filter>
    </ClCompile>
    <ClCompile Include="..\src\system\memorymappedfile.cpp">
      <Filter>system</Filter>
    </ClCompile>
    <ClCompile Include="..\extern\microprofile\microprofile.cpp">
      <Filter>extern\microprofile</Filter>
    </ClCompile>
    <ClCompile Include="..\src\application\cameracontroller.cpp">
      <Filter>application</Filter>
    </ClCompile>
    <ClCompile Include="..\src\application\applicationlayer.cpp">
      <Filter>application</Filter>
    </ClCompile>
    <ClCompile Include="..\extern\simplemath\SimpleMath.cpp">
      <Filter>extern\simplemath</Filter>
    </ClCompile>
    <ClCompile Include="..\src\system\memcpy.cpp">
      <Filter>system</Filter>
    </ClCompile>
    <ClCompile Include="..\extern\d3d12\D3D12MemAlloc.cpp">
      <Filter>extern\d3d12memalloc</Filter>
    </ClCompile>
    <ClCompile Include="..\src\system\timer.cpp">
      <Filter>system</Filter>
    </ClCompile>
    <ClCompile Include="..\src\graphic\renderpasses\gfximguirenderer.cpp">
      <Filter>graphic\renderpasses</Filter>
    </ClCompile>
    <ClCompile Include="..\src\system\imguimanager.cpp">
      <Filter>system</Filter>
    </ClCompile>
    <ClCompile Include="..\extern\imgui\imgui_demo.cpp">
      <Filter>extern\imgui</Filter>
    </ClCompile>
    <ClCompile Include="..\src\system\commandmanager.cpp">
      <Filter>system</Filter>
    </ClCompile>
    <ClCompile Include="..\src\system\math.cpp">
      <Filter>system</Filter>
    </ClCompile>
    <ClCompile Include="..\src\graphic\gfxadapter.cpp">
      <Filter>graphic\gfx</Filter>
    </ClCompile>
    <ClCompile Include="..\src\graphic\gfxcommandlist.cpp">
      <Filter>graphic\gfx</Filter>
    </ClCompile>
    <ClCompile Include="..\src\graphic\gfxcommonstates.cpp">
      <Filter>graphic\gfx</Filter>
    </ClCompile>
    <ClCompile Include="..\src\graphic\gfxcontext.cpp">
      <Filter>graphic\gfx</Filter>
    </ClCompile>
    <ClCompile Include="..\src\graphic\gfxdefaultassets.cpp">
      <Filter>graphic\gfx</Filter>
    </ClCompile>
    <ClCompile Include="..\src\graphic\gfxdescriptorheap.cpp">
      <Filter>graphic\gfx</Filter>
    </ClCompile>
    <ClCompile Include="..\src\graphic\gfxdevice.cpp">
      <Filter>graphic\gfx</Filter>
    </ClCompile>
    <ClCompile Include="..\src\graphic\gfxfence.cpp">
      <Filter>graphic\gfx</Filter>
    </ClCompile>
    <ClCompile Include="..\src\graphic\gfxmanager.cpp">
      <Filter>graphic\gfx</Filter>
    </ClCompile>
    <ClCompile Include="..\src\graphic\gfxmesh.cpp">
      <Filter>graphic\gfx</Filter>
    </ClCompile>
    <ClCompile Include="..\src\graphic\gfxpipelinestateobject.cpp">
      <Filter>graphic\gfx</Filter>
    </ClCompile>
    <ClCompile Include="..\src\graphic\gfxrootsignature.cpp">
      <Filter>graphic\gfx</Filter>
    </ClCompile>
    <ClCompile Include="..\src\graphic\gfxshadermanager.cpp">
      <Filter>graphic\gfx</Filter>
    </ClCompile>
    <ClCompile Include="..\src\graphic\gfxswapchain.cpp">
      <Filter>graphic\gfx</Filter>
    </ClCompile>
    <ClCompile Include="..\src\graphic\gfxtexturesandbuffers.cpp">
      <Filter>graphic\gfx</Filter>
    </ClCompile>
    <ClCompile Include="..\src\graphic\gfxvertexformat.cpp">
      <Filter>graphic\gfx</Filter>
    </ClCompile>
    <ClCompile Include="..\src\graphic\gfxview.cpp">
      <Filter>graphic\gfx</Filter>
    </ClCompile>
    <ClCompile Include="..\src\graphic\dx12utils.cpp">
      <Filter>graphic\dx12</Filter>
    </ClCompile>
  </ItemGroup>
  <ItemGroup>
    <ClInclude Include="..\src\system\keyboard.h">
      <Filter>system</Filter>
    </ClInclude>
    <ClInclude Include="..\src\system\math.h">
      <Filter>system</Filter>
    </ClInclude>
    <ClInclude Include="..\src\system\mouse.h">
      <Filter>system</Filter>
    </ClInclude>
    <ClInclude Include="..\src\system\profiler.h">
      <Filter>system</Filter>
    </ClInclude>
    <ClInclude Include="..\src\system\system.h">
      <Filter>system</Filter>
    </ClInclude>
    <ClInclude Include="..\src\system\utils.h">
      <Filter>system</Filter>
    </ClInclude>
    <ClInclude Include="..\extern\imgui\imconfig.h">
      <Filter>extern\imgui</Filter>
    </ClInclude>
    <ClInclude Include="..\extern\imgui\imgui.h">
      <Filter>extern\imgui</Filter>
    </ClInclude>
    <ClInclude Include="..\extern\imgui\imgui_internal.h">
      <Filter>extern\imgui</Filter>
    </ClInclude>
    <ClInclude Include="..\extern\imgui\imstb_rectpack.h">
      <Filter>extern\imgui</Filter>
    </ClInclude>
    <ClInclude Include="..\extern\imgui\imstb_textedit.h">
      <Filter>extern\imgui</Filter>
    </ClInclude>
    <ClInclude Include="..\extern\imgui\imstb_truetype.h">
      <Filter>extern\imgui</Filter>
    </ClInclude>
    <ClInclude Include="..\src\graphic\renderpasses\gfxtestrenderpass.h">
      <Filter>graphic\renderpasses</Filter>
    </ClInclude>
    <ClInclude Include="..\src\system\memorymappedfile.h">
      <Filter>system</Filter>
    </ClInclude>
    <ClInclude Include="..\src\system\logger.h">
      <Filter>system</Filter>
    </ClInclude>
    <ClInclude Include="..\src\masterheader.h" />
    <ClInclude Include="..\extern\microprofile\microprofile.h">
      <Filter>extern\microprofile</Filter>
    </ClInclude>
    <ClInclude Include="..\src\application\cameracontroller.h">
      <Filter>application</Filter>
    </ClInclude>
    <ClInclude Include="..\src\system\memcpy.h">
      <Filter>system</Filter>
    </ClInclude>
    <ClInclude Include="..\extern\d3d12\D3D12MemAlloc.h">
      <Filter>extern\d3d12memalloc</Filter>
    </ClInclude>
    <ClInclude Include="..\src\system\timer.h">
      <Filter>system</Filter>
    </ClInclude>
    <ClInclude Include="..\src\graphic\renderpasses\gfximguirenderer.h">
      <Filter>graphic\renderpasses</Filter>
    </ClInclude>
    <ClInclude Include="..\src\system\imguimanager.h">
      <Filter>system</Filter>
    </ClInclude>
    <ClInclude Include="..\src\graphic\renderpasses\gfxrenderpass.h">
      <Filter>graphic\renderpasses</Filter>
    </ClInclude>
    <ClInclude Include="..\src\system\commandmanager.h">
      <Filter>system</Filter>
    </ClInclude>
    <ClInclude Include="..\src\defaultassets\occcity.h">
      <Filter>defaultassets</Filter>
    </ClInclude>
    <ClInclude Include="..\src\graphic\gfxadapter.h">
      <Filter>graphic\gfx</Filter>
    </ClInclude>
    <ClInclude Include="..\src\graphic\gfxcommandlist.h">
      <Filter>graphic\gfx</Filter>
    </ClInclude>
    <ClInclude Include="..\src\graphic\gfxcommonstates.h">
      <Filter>graphic\gfx</Filter>
    </ClInclude>
    <ClInclude Include="..\src\graphic\gfxcontext.h">
      <Filter>graphic\gfx</Filter>
    </ClInclude>
    <ClInclude Include="..\src\graphic\gfxdefaultassets.h">
      <Filter>graphic\gfx</Filter>
    </ClInclude>
    <ClInclude Include="..\src\graphic\gfxdescriptorheap.h">
      <Filter>graphic\gfx</Filter>
    </ClInclude>
    <ClInclude Include="..\src\graphic\gfxdescriptorheap.hpp">
      <Filter>graphic\gfx</Filter>
    </ClInclude>
    <ClInclude Include="..\src\graphic\gfxdevice.h">
      <Filter>graphic\gfx</Filter>
    </ClInclude>
    <ClInclude Include="..\src\graphic\gfxenums.h">
      <Filter>graphic\gfx</Filter>
    </ClInclude>
    <ClInclude Include="..\src\graphic\gfxfence.h">
      <Filter>graphic\gfx</Filter>
    </ClInclude>
    <ClInclude Include="..\src\graphic\gfxmanager.h">
      <Filter>graphic\gfx</Filter>
    </ClInclude>
    <ClInclude Include="..\src\graphic\gfxmesh.h">
      <Filter>graphic\gfx</Filter>
    </ClInclude>
    <ClInclude Include="..\src\graphic\gfxpipelinestateobject.h">
      <Filter>graphic\gfx</Filter>
    </ClInclude>
    <ClInclude Include="..\src\graphic\gfxpipelinestateobject.hpp">
      <Filter>graphic\gfx</Filter>
    </ClInclude>
    <ClInclude Include="..\src\graphic\gfxrootsignature.h">
      <Filter>graphic\gfx</Filter>
    </ClInclude>
    <ClInclude Include="..\src\graphic\gfxshadermanager.h">
      <Filter>graphic\gfx</Filter>
    </ClInclude>
    <ClInclude Include="..\src\graphic\gfxswapchain.h">
      <Filter>graphic\gfx</Filter>
    </ClInclude>
    <ClInclude Include="..\src\graphic\gfxtexturesandbuffers.h">
      <Filter>graphic\gfx</Filter>
    </ClInclude>
    <ClInclude Include="..\src\graphic\gfxvertexformat.h">
      <Filter>graphic\gfx</Filter>
    </ClInclude>
    <ClInclude Include="..\src\graphic\gfxview.h">
      <Filter>graphic\gfx</Filter>
    </ClInclude>
    <ClInclude Include="..\src\graphic\dx12utils.h">
      <Filter>graphic\dx12</Filter>
    </ClInclude>
    <ClInclude Include="..\src\system\serializer.h">
      <Filter>system</Filter>
    </ClInclude>
  </ItemGroup>
  <ItemGroup>
    <Filter Include="system">
      <UniqueIdentifier>{c0f8e237-13be-4b4b-8c48-62f5df5db71e}</UniqueIdentifier>
    </Filter>
    <Filter Include="graphic">
      <UniqueIdentifier>{15eb86ff-65b1-4204-8e76-757f7fdaeb58}</UniqueIdentifier>
    </Filter>
    <Filter Include="extern">
      <UniqueIdentifier>{fdc0d768-648d-466e-8b82-51fe7867e557}</UniqueIdentifier>
    </Filter>
    <Filter Include="extern\imgui">
      <UniqueIdentifier>{c12770a0-aeca-4907-9392-b66b8a7818aa}</UniqueIdentifier>
    </Filter>
    <Filter Include="graphic\renderpasses">
      <UniqueIdentifier>{406acab7-fe2d-4363-aa67-ad3dc6e25050}</UniqueIdentifier>
    </Filter>
    <Filter Include="extern\d3d12memalloc">
      <UniqueIdentifier>{aac21eff-8d1a-40a9-b5a9-a35ed9aafe13}</UniqueIdentifier>
    </Filter>
    <Filter Include="extern\microprofile">
      <UniqueIdentifier>{d4597559-9270-4817-85c4-19684bd42d6d}</UniqueIdentifier>
    </Filter>
    <Filter Include="application">
      <UniqueIdentifier>{01ca3d87-bef7-4a5b-8e89-d4f53e3b9e94}</UniqueIdentifier>
    </Filter>
    <Filter Include="extern\simplemath">
      <UniqueIdentifier>{ac4d35a6-ed92-404b-81d6-dc4f059a08fa}</UniqueIdentifier>
    </Filter>
    <Filter Include="defaultassets">
      <UniqueIdentifier>{d2c04ce1-f141-4f46-800b-4cdee2ca597c}</UniqueIdentifier>
    </Filter>
    <Filter Include="graphic\gfx">
      <UniqueIdentifier>{95d4ef7b-f420-45d8-b634-193f4f3b1576}</UniqueIdentifier>
    </Filter>
    <Filter Include="graphic\dx12">
      <UniqueIdentifier>{0e7d14e5-ff57-4650-ae04-db81f1944f5e}</UniqueIdentifier>
    </Filter>
  </ItemGroup>
</Project>